
Microsoft Visual Studio Solution File, Format Version 12.00
# Visual Studio Version 17
VisualStudioVersion = 17.0.32112.339
MinimumVisualStudioVersion = 10.0.40219.1
Project("{FAE04EC0-301F-11D3-BF4B-00C04F79EFBC}") = "FileCompare", "Read_CSV_MVC\FileCompare.csproj", "{C4C451B7-F911-4A99-89F7-28117D86180D}"
EndProject
Project("{FAE04EC0-301F-11D3-BF4B-00C04F79EFBC}") = "FIleTests", "FIleTests\FIleTests.csproj", "{EB45D8E6-7ACD-4513-82E1-97C2B0FE54D3}"
EndProject
Global
	GlobalSection(SolutionConfigurationPlatforms) = preSolution
		Debug|Any CPU = Debug|Any CPU
		Release|Any CPU = Release|Any CPU
	EndGlobalSection
	GlobalSection(ProjectConfigurationPlatforms) = postSolution
		{C4C451B7-F911-4A99-89F7-28117D86180D}.Debug|Any CPU.ActiveCfg = Debug|Any CPU
		{C4C451B7-F911-4A99-89F7-28117D86180D}.Debug|Any CPU.Build.0 = Debug|Any CPU
		{C4C451B7-F911-4A99-89F7-28117D86180D}.Release|Any CPU.ActiveCfg = Release|Any CPU
		{C4C451B7-F911-4A99-89F7-28117D86180D}.Release|Any CPU.Build.0 = Release|Any CPU
		{EB45D8E6-7ACD-4513-82E1-97C2B0FE54D3}.Debug|Any CPU.ActiveCfg = Debug|Any CPU
		{EB45D8E6-7ACD-4513-82E1-97C2B0FE54D3}.Debug|Any CPU.Build.0 = Debug|Any CPU
		{EB45D8E6-7ACD-4513-82E1-97C2B0FE54D3}.Release|Any CPU.ActiveCfg = Release|Any CPU
		{EB45D8E6-7ACD-4513-82E1-97C2B0FE54D3}.Release|Any CPU.Build.0 = Release|Any CPU
	EndGlobalSection
	GlobalSection(SolutionProperties) = preSolution
		HideSolutionNode = FALSE
	EndGlobalSection
	GlobalSection(ExtensibilityGlobals) = postSolution
		SolutionGuid = {1287064C-C423-4662-B320-58540AAC6272}
	EndGlobalSection
EndGlobal
